#MicroXplorer Configuration settings - do not modify
#Wed Jun 05 16:49:22 JST 2013
File.Version=1
KeepUserPlacement=false
Mcu.Family=STM32F4
Mcu.IP0=ADC1
Mcu.IP1=I2C1
Mcu.IP10=USART2
Mcu.IP11=USART6
Mcu.IP2=OTG_FS
Mcu.IP3=SDIO
Mcu.IP4=SPI1
Mcu.IP5=SPI2
Mcu.IP6=SYS
Mcu.IP7=TIM2
Mcu.IP8=TIM4
Mcu.IP9=USART1
Mcu.IPNb=12
Mcu.Name=STM32F407V(E-G)Tx
Mcu.Package=LQFP100
Mcu.Pin0=PE2
Mcu.Pin1=PE3
Mcu.Pin10=PC3
Mcu.Pin11=PA0-WKUP
Mcu.Pin12=PA1
Mcu.Pin13=PA2
Mcu.Pin14=PA3
Mcu.Pin15=PB0
Mcu.Pin16=PB1
Mcu.Pin17=PE11
Mcu.Pin18=PB10
Mcu.Pin19=PB14
Mcu.Pin2=PE4
Mcu.Pin20=PB15
Mcu.Pin21=PD8
Mcu.Pin22=PD9
Mcu.Pin23=PD10
Mcu.Pin24=PD11
Mcu.Pin25=PD12
Mcu.Pin26=PC6
Mcu.Pin27=PC7
Mcu.Pin28=PC8
Mcu.Pin29=PC9
Mcu.Pin3=PC14-OSC32_IN
Mcu.Pin30=PA9
Mcu.Pin31=PA11
Mcu.Pin32=PA12
Mcu.Pin33=PA15
Mcu.Pin34=PC10
Mcu.Pin35=PC11
Mcu.Pin36=PC12
Mcu.Pin37=PD0
Mcu.Pin38=PD1
Mcu.Pin39=PD2
Mcu.Pin4=PC15-OSC32_OUT
Mcu.Pin40=PD3
Mcu.Pin41=PD4
Mcu.Pin42=PD5
Mcu.Pin43=PD6
Mcu.Pin44=PD7
Mcu.Pin45=PB3
Mcu.Pin46=PB4
Mcu.Pin47=PB5
Mcu.Pin48=PB6
Mcu.Pin49=PB7
Mcu.Pin5=PH0-OSC_IN
Mcu.Pin50=PB8
Mcu.Pin51=PB9
Mcu.Pin52=PE1
Mcu.Pin6=PH1-OSC_OUT
Mcu.Pin7=PC0
Mcu.Pin8=PC1
Mcu.Pin9=PC2
Mcu.PinsNb=53
PA0-WKUP.Signal=GPIO_Input
PA1.Signal=GPIO_Input
PA11.Mode=Device-DP-DM
PA11.Signal=OTG_FS_DM
PA12.Mode=Device-DP-DM
PA12.Signal=OTG_FS_DP
PA15.Mode=PWM-Input-1
PA15.Signal=TIM2_CH1_ETR
PA2.GPIOParameters=GPIO_Speed,GPIO_PuPd,GPIO_Mode,GPIO_OType
PA2.GPIO_Mode=
PA2.GPIO_OType=GPIO_OType_PP
PA2.GPIO_PuPd=GPIO_PuPd_NOPULL
PA2.GPIO_Speed=GPIO_Speed_100MHz
PA2.Mode=Asynchronous
PA2.Signal=USART2_TX
PA3.GPIOParameters=GPIO_Speed,GPIO_PuPd,GPIO_Mode,GPIO_OType
PA3.GPIO_Mode=
PA3.GPIO_OType=GPIO_OType_PP
PA3.GPIO_PuPd=GPIO_PuPd_NOPULL
PA3.GPIO_Speed=GPIO_Speed_100MHz
PA3.Mode=Asynchronous
PA3.Signal=USART2_RX
PA9.Signal=GPIO_Input
PB0.Signal=TIM1_CH2N
PB1.Signal=TIM3_CH4
PB10.GPIOParameters=GPIO_Speed,GPIO_PuPd,GPIO_Mode,GPIO_OType
PB10.GPIO_Mode=
PB10.GPIO_OType=GPIO_OType_PP
PB10.GPIO_PuPd=GPIO_PuPd_NOPULL
PB10.GPIO_Speed=GPIO_Speed_100MHz
PB10.Mode=Full-Duplex-Master
PB10.Signal=SPI2_SCK
PB14.GPIOParameters=GPIO_Speed,GPIO_PuPd,GPIO_Mode,GPIO_OType
PB14.GPIO_Mode=
PB14.GPIO_OType=GPIO_OType_PP
PB14.GPIO_PuPd=GPIO_PuPd_NOPULL
PB14.GPIO_Speed=GPIO_Speed_100MHz
PB14.Mode=Full-Duplex-Master
PB14.Signal=SPI2_MISO
PB15.GPIOParameters=GPIO_Speed,GPIO_PuPd,GPIO_Mode,GPIO_OType
PB15.GPIO_Mode=
PB15.GPIO_OType=GPIO_OType_PP
PB15.GPIO_PuPd=GPIO_PuPd_NOPULL
PB15.GPIO_Speed=GPIO_Speed_100MHz
PB15.Mode=Full-Duplex-Master
PB15.Signal=SPI2_MOSI
PB3.GPIOParameters=GPIO_Speed,GPIO_PuPd,GPIO_Mode,GPIO_OType
PB3.GPIO_Mode=
PB3.GPIO_OType=GPIO_OType_PP
PB3.GPIO_PuPd=GPIO_PuPd_NOPULL
PB3.GPIO_Speed=GPIO_Speed_100MHz
PB3.Mode=Full-Duplex-Master
PB3.Signal=SPI1_SCK
PB4.GPIOParameters=GPIO_Speed,GPIO_PuPd,GPIO_Mode,GPIO_OType
PB4.GPIO_Mode=
PB4.GPIO_OType=GPIO_OType_PP
PB4.GPIO_PuPd=GPIO_PuPd_NOPULL
PB4.GPIO_Speed=GPIO_Speed_100MHz
PB4.Mode=Full-Duplex-Master
PB4.Signal=SPI1_MISO
PB5.GPIOParameters=GPIO_Speed,GPIO_PuPd,GPIO_Mode,GPIO_OType
PB5.GPIO_Mode=
PB5.GPIO_OType=GPIO_OType_PP
PB5.GPIO_PuPd=GPIO_PuPd_NOPULL
PB5.GPIO_Speed=GPIO_Speed_100MHz
PB5.Mode=Full-Duplex-Master
PB5.Signal=SPI1_MOSI
PB6.GPIOParameters=GPIO_Speed,GPIO_PuPd,GPIO_Mode,GPIO_OType
PB6.GPIO_Mode=
PB6.GPIO_OType=GPIO_OType_PP
PB6.GPIO_PuPd=GPIO_PuPd_NOPULL
PB6.GPIO_Speed=GPIO_Speed_100MHz
PB6.Mode=Asynchronous
PB6.Signal=USART1_TX
PB7.GPIOParameters=GPIO_Speed,GPIO_PuPd,GPIO_Mode,GPIO_OType
PB7.GPIO_Mode=
PB7.GPIO_OType=GPIO_OType_PP
PB7.GPIO_PuPd=GPIO_PuPd_NOPULL
PB7.GPIO_Speed=GPIO_Speed_100MHz
PB7.Mode=Asynchronous
PB7.Signal=USART1_RX
PB8.Mode=I2C
PB8.Signal=I2C1_SCL
PB9.Mode=I2C
PB9.Signal=I2C1_SDA
PC0.Mode=IN10
PC0.Signal=ADC1_IN10
PC1.GPIOParameters=GPIO_Speed,GPIO_PuPd,GPIO_Mode,GPIO_OType
PC1.GPIO_Mode=GPIO_Mode_OUT
PC1.GPIO_OType=GPIO_OType_PP
PC1.GPIO_PuPd=GPIO_PuPd_NOPULL
PC1.GPIO_Speed=GPIO_Speed_100MHz
PC1.Signal=GPIO_Output
PC10.GPIOParameters=GPIO_Speed,GPIO_PuPd,GPIO_Mode,GPIO_OType
PC10.GPIO_Mode=
PC10.GPIO_OType=GPIO_OType_PP
PC10.GPIO_PuPd=GPIO_PuPd_NOPULL
PC10.GPIO_Speed=GPIO_Speed_100MHz
PC10.Mode=4-bits-Wide-bus
PC10.Signal=SDIO_D2
PC11.GPIOParameters=GPIO_Speed,GPIO_PuPd,GPIO_Mode,GPIO_OType
PC11.GPIO_Mode=
PC11.GPIO_OType=GPIO_OType_PP
PC11.GPIO_PuPd=GPIO_PuPd_NOPULL
PC11.GPIO_Speed=GPIO_Speed_100MHz
PC11.Mode=4-bits-Wide-bus
PC11.Signal=SDIO_D3
PC12.GPIOParameters=GPIO_Speed,GPIO_PuPd,GPIO_Mode,GPIO_OType
PC12.GPIO_Mode=
PC12.GPIO_OType=GPIO_OType_PP
PC12.GPIO_PuPd=GPIO_PuPd_NOPULL
PC12.GPIO_Speed=GPIO_Speed_100MHz
PC12.Mode=4-bits-Wide-bus
PC12.Signal=SDIO_CK
PC14-OSC32_IN.Mode=LSE-External-Oscillator
PC14-OSC32_IN.Signal=SYS_OSC32_IN
PC15-OSC32_OUT.Mode=LSE-External-Oscillator
PC15-OSC32_OUT.Signal=SYS_OSC32_OUT
PC2.GPIOParameters=GPIO_Speed,GPIO_PuPd,GPIO_Mode,GPIO_OType
PC2.GPIO_Mode=GPIO_Mode_OUT
PC2.GPIO_OType=GPIO_OType_PP
PC2.GPIO_PuPd=GPIO_PuPd_NOPULL
PC2.GPIO_Speed=GPIO_Speed_100MHz
PC2.Signal=GPIO_Output
PC3.Signal=GPIO_Input
PC6.GPIOParameters=GPIO_Speed,GPIO_PuPd,GPIO_Mode,GPIO_OType
PC6.GPIO_Mode=
PC6.GPIO_OType=GPIO_OType_PP
PC6.GPIO_PuPd=GPIO_PuPd_NOPULL
PC6.GPIO_Speed=GPIO_Speed_100MHz
PC6.Mode=Asynchronous
PC6.Signal=USART6_TX
PC7.GPIOParameters=GPIO_Speed,GPIO_PuPd,GPIO_Mode,GPIO_OType
PC7.GPIO_Mode=
PC7.GPIO_OType=GPIO_OType_PP
PC7.GPIO_PuPd=GPIO_PuPd_NOPULL
PC7.GPIO_Speed=GPIO_Speed_100MHz
PC7.Mode=Asynchronous
PC7.Signal=USART6_RX
PC8.GPIOParameters=GPIO_Speed,GPIO_PuPd,GPIO_Mode,GPIO_OType
PC8.GPIO_Mode=
PC8.GPIO_OType=GPIO_OType_PP
PC8.GPIO_PuPd=GPIO_PuPd_NOPULL
PC8.GPIO_Speed=GPIO_Speed_100MHz
PC8.Mode=4-bits-Wide-bus
PC8.Signal=SDIO_D0
PC9.GPIOParameters=GPIO_Speed,GPIO_PuPd,GPIO_Mode,GPIO_OType
PC9.GPIO_Mode=
PC9.GPIO_OType=GPIO_OType_PP
PC9.GPIO_PuPd=GPIO_PuPd_NOPULL
PC9.GPIO_Speed=GPIO_Speed_100MHz
PC9.Mode=4-bits-Wide-bus
PC9.Signal=SDIO_D1
PD0.GPIOParameters=GPIO_Speed,GPIO_PuPd,GPIO_Mode,GPIO_OType
PD0.GPIO_Mode=GPIO_Mode_OUT
PD0.GPIO_OType=GPIO_OType_PP
PD0.GPIO_PuPd=GPIO_PuPd_NOPULL
PD0.GPIO_Speed=GPIO_Speed_100MHz
PD0.Signal=GPIO_Output
PD1.GPIOParameters=GPIO_Speed,GPIO_PuPd,GPIO_Mode,GPIO_OType
PD1.GPIO_Mode=GPIO_Mode_OUT
PD1.GPIO_OType=GPIO_OType_PP
PD1.GPIO_PuPd=GPIO_PuPd_NOPULL
PD1.GPIO_Speed=GPIO_Speed_100MHz
PD1.Signal=GPIO_Output
PD10.Signal=GPIO_Input
PD11.Signal=GPIO_Input
PD12.Mode=PWM-Input-1
PD12.Signal=TIM4_CH1
PD2.GPIOParameters=GPIO_Speed,GPIO_PuPd,GPIO_Mode,GPIO_OType
PD2.GPIO_Mode=
PD2.GPIO_OType=GPIO_OType_PP
PD2.GPIO_PuPd=GPIO_PuPd_NOPULL
PD2.GPIO_Speed=GPIO_Speed_100MHz
PD2.Mode=4-bits-Wide-bus
PD2.Signal=SDIO_CMD
PD3.GPIOParameters=GPIO_Speed,GPIO_PuPd,GPIO_Mode,GPIO_OType
PD3.GPIO_Mode=GPIO_Mode_OUT
PD3.GPIO_OType=GPIO_OType_PP
PD3.GPIO_PuPd=GPIO_PuPd_NOPULL
PD3.GPIO_Speed=GPIO_Speed_100MHz
PD3.Signal=GPIO_Output
PD4.Signal=GPIO_Input
PD5.Signal=GPIO_Input
PD6.GPIOParameters=GPIO_Speed,GPIO_PuPd,GPIO_Mode,GPIO_OType
PD6.GPIO_Mode=GPIO_Mode_OUT
PD6.GPIO_OType=GPIO_OType_PP
PD6.GPIO_PuPd=GPIO_PuPd_NOPULL
PD6.GPIO_Speed=GPIO_Speed_100MHz
PD6.Signal=GPIO_Output
PD7.Signal=GPIO_Input
PD8.Signal=GPIO_Input
PD9.GPIOParameters=GPIO_Speed,GPIO_PuPd,GPIO_Mode,GPIO_OType
PD9.GPIO_Mode=GPIO_Mode_OUT
PD9.GPIO_OType=GPIO_OType_PP
PD9.GPIO_PuPd=GPIO_PuPd_NOPULL
PD9.GPIO_Speed=GPIO_Speed_100MHz
PD9.Signal=GPIO_Output
PE1.GPIOParameters=GPIO_Speed,GPIO_PuPd,GPIO_Mode,GPIO_OType
PE1.GPIO_Mode=GPIO_Mode_OUT
PE1.GPIO_OType=GPIO_OType_PP
PE1.GPIO_PuPd=GPIO_PuPd_NOPULL
PE1.GPIO_Speed=GPIO_Speed_100MHz
PE1.Signal=GPIO_Output
PE11.Signal=GPIO_Input
PE2.GPIOParameters=GPIO_Speed,GPIO_PuPd,GPIO_Mode,GPIO_OType
PE2.GPIO_Mode=GPIO_Mode_OUT
PE2.GPIO_OType=GPIO_OType_PP
PE2.GPIO_PuPd=GPIO_PuPd_NOPULL
PE2.GPIO_Speed=GPIO_Speed_100MHz
PE2.Signal=GPIO_Output
PE3.GPIOParameters=GPIO_Speed,GPIO_PuPd,GPIO_Mode,GPIO_OType
PE3.GPIO_Mode=GPIO_Mode_OUT
PE3.GPIO_OType=GPIO_OType_PP
PE3.GPIO_PuPd=GPIO_PuPd_NOPULL
PE3.GPIO_Speed=GPIO_Speed_100MHz
PE3.Signal=GPIO_Output
PE4.GPIOParameters=GPIO_Speed,GPIO_PuPd,GPIO_Mode,GPIO_OType
PE4.GPIO_Mode=GPIO_Mode_OUT
PE4.GPIO_OType=GPIO_OType_PP
PE4.GPIO_PuPd=GPIO_PuPd_NOPULL
PE4.GPIO_Speed=GPIO_Speed_100MHz
PE4.Signal=GPIO_Output
PH0-OSC_IN.Mode=HSE-External-Oscillator
PH0-OSC_IN.Signal=SYS_OSC_IN
PH1-OSC_OUT.Mode=HSE-External-Oscillator
PH1-OSC_OUT.Signal=SYS_OSC_OUT
